
Microsoft Visual Studio Solution File, Format Version 12.00
# Visual Studio 15
VisualStudioVersion = 15.0.26730.16
MinimumVisualStudioVersion = 10.0.40219.1
Project("{FAE04EC0-301F-11D3-BF4B-00C04F79EFBC}") = "Task6", "Task6\Task6.csproj", "{8B409A05-86AB-48D9-8C6B-1ABBB7CC87AE}"
EndProject
Global
	GlobalSection(SolutionConfigurationPlatforms) = preSolution
		Debug|Any CPU = Debug|Any CPU
		Release|Any CPU = Release|Any CPU
	EndGlobalSection
	GlobalSection(ProjectConfigurationPlatforms) = postSolution
		{8B409A05-86AB-48D9-8C6B-1ABBB7CC87AE}.Debug|Any CPU.ActiveCfg = Debug|Any CPU
		{8B409A05-86AB-48D9-8C6B-1ABBB7CC87AE}.Debug|Any CPU.Build.0 = Debug|Any CPU
		{8B409A05-86AB-48D9-8C6B-1ABBB7CC87AE}.Release|Any CPU.ActiveCfg = Release|Any CPU
		{8B409A05-86AB-48D9-8C6B-1ABBB7CC87AE}.Release|Any CPU.Build.0 = Release|Any CPU
	EndGlobalSection
	GlobalSection(SolutionProperties) = preSolution
		HideSolutionNode = FALSE
	EndGlobalSection
	GlobalSection(ExtensibilityGlobals) = postSolution
		SolutionGuid = {D367B32B-ED58-4157-BD21-2EFCF3B153B6}
	EndGlobalSection
EndGlobal
